
Microsoft Visual Studio Solution File, Format Version 12.00
# Visual Studio 2017
Project("{FAE04EC0-301F-11D3-BF4B-00C04F79EFBC}") = "OneMonthGameJam2017", "OneMonthGameJam2017.csproj", "{BA8A0963-9E50-DDD3-2A2D-70A14FAD07E4}"
EndProject
Global
	GlobalSection(SolutionConfigurationPlatforms) = preSolution
		Debug|Any CPU = Debug|Any CPU
		Release|Any CPU = Release|Any CPU
	EndGlobalSection
	GlobalSection(ProjectConfigurationPlatforms) = postSolution
		{BA8A0963-9E50-DDD3-2A2D-70A14FAD07E4}.Debug|Any CPU.ActiveCfg = Debug|Any CPU
		{BA8A0963-9E50-DDD3-2A2D-70A14FAD07E4}.Debug|Any CPU.Build.0 = Debug|Any CPU
		{BA8A0963-9E50-DDD3-2A2D-70A14FAD07E4}.Release|Any CPU.ActiveCfg = Release|Any CPU
		{BA8A0963-9E50-DDD3-2A2D-70A14FAD07E4}.Release|Any CPU.Build.0 = Release|Any CPU
	EndGlobalSection
	GlobalSection(SolutionProperties) = preSolution
		HideSolutionNode = FALSE
	EndGlobalSection
EndGlobal
